// !$*UTF8*$!
{
	archiveVersion = 1;
	classes = {
	};
	objectVersion = 46;
	objects = {

/* Begin PBXBuildFile section */
		B45871841BEE6127004A4AA5 /* AppDelegate.swift in Sources */ = {isa = PBXBuildFile; fileRef = B45871831BEE6127004A4AA5 /* AppDelegate.swift */; };
		B45871861BEE6127004A4AA5 /* ViewController.swift in Sources */ = {isa = PBXBuildFile; fileRef = B45871851BEE6127004A4AA5 /* ViewController.swift */; };
		B45871891BEE6127004A4AA5 /* Main.storyboard in Resources */ = {isa = PBXBuildFile; fileRef = B45871871BEE6127004A4AA5 /* Main.storyboard */; };
		B458718B1BEE6127004A4AA5 /* Assets.xcassets in Resources */ = {isa = PBXBuildFile; fileRef = B458718A1BEE6127004A4AA5 /* Assets.xcassets */; };
		B458718E1BEE6127004A4AA5 /* LaunchScreen.storyboard in Resources */ = {isa = PBXBuildFile; fileRef = B458718C1BEE6127004A4AA5 /* LaunchScreen.storyboard */; };
		B45871991BEE6127004A4AA5 /* EmptyProjectTests.swift in Sources */ = {isa = PBXBuildFile; fileRef = B45871981BEE6127004A4AA5 /* EmptyProjectTests.swift */; };
		B45871A41BEE6127004A4AA5 /* EmptyProjectUITests.swift in Sources */ = {isa = PBXBuildFile; fileRef = B45871A31BEE6127004A4AA5 /* EmptyProjectUITests.swift */; };
		B45871B21BEE65B9004A4AA5 /* RectangleView.swift in Sources */ = {isa = PBXBuildFile; fileRef = B45871B11BEE65B9004A4AA5 /* RectangleView.swift */; };
/* End PBXBuildFile section */

/* Begin PBXContainerItemProxy section */
		B45871951BEE6127004A4AA5 /* PBXContainerItemProxy */ = {
			isa = PBXContainerItemProxy;
			containerPortal = B45871781BEE6127004A4AA5 /* Project object */;
			proxyType = 1;
			remoteGlobalIDString = B458717F1BEE6127004A4AA5;
			remoteInfo = EmptyProject;
		};
		B45871A01BEE6127004A4AA5 /* PBXContainerItemProxy */ = {
			isa = PBXContainerItemProxy;
			containerPortal = B45871781BEE6127004A4AA5 /* Project object */;
			proxyType = 1;
			remoteGlobalIDString = B458717F1BEE6127004A4AA5;
			remoteInfo = EmptyProject;
		};
/* End PBXContainerItemProxy section */

/* Begin PBXFileReference section */
		B45871801BEE6127004A4AA5 /* EmptyProject.app */ = {isa = PBXFileReference; explicitFileType = wrapper.application; includeInIndex = 0; path = EmptyProject.app; sourceTree = BUILT_PRODUCTS_DIR; };
		B45871831BEE6127004A4AA5 /* AppDelegate.swift */ = {isa = PBXFileReference; lastKnownFileType = sourcecode.swift; path = AppDelegate.swift; sourceTree = "<group>"; };
		B45871851BEE6127004A4AA5 /* ViewController.swift */ = {isa = PBXFileReference; lastKnownFileType = sourcecode.swift; path = ViewController.swift; sourceTree = "<group>"; };
		B45871881BEE6127004A4AA5 /* Base */ = {isa = PBXFileReference; lastKnownFileType = file.storyboard; name = Base; path = Base.lproj/Main.storyboard; sourceTree = "<group>"; };
		B458718A1BEE6127004A4AA5 /* Assets.xcassets */ = {isa = PBXFileReference; lastKnownFileType = folder.assetcatalog; path = Assets.xcassets; sourceTree = "<group>"; };
		B458718D1BEE6127004A4AA5 /* Base */ = {isa = PBXFileReference; lastKnownFileType = file.storyboard; name = Base; path = Base.lproj/LaunchScreen.storyboard; sourceTree = "<group>"; };
		B458718F1BEE6127004A4AA5 /* Info.plist */ = {isa = PBXFileReference; lastKnownFileType = text.plist.xml; path = Info.plist; sourceTree = "<group>"; };
		B45871941BEE6127004A4AA5 /* EmptyProjectTests.xctest */ = {isa = PBXFileReference; explicitFileType = wrapper.cfbundle; includeInIndex = 0; path = EmptyProjectTests.xctest; sourceTree = BUILT_PRODUCTS_DIR; };
		B45871981BEE6127004A4AA5 /* EmptyProjectTests.swift */ = {isa = PBXFileReference; lastKnownFileType = sourcecode.swift; path = EmptyProjectTests.swift; sourceTree = "<group>"; };
		B458719A1BEE6127004A4AA5 /* Info.plist */ = {isa = PBXFileReference; lastKnownFileType = text.plist.xml; path = Info.plist; sourceTree = "<group>"; };
		B458719F1BEE6127004A4AA5 /* EmptyProjectUITests.xctest */ = {isa = PBXFileReference; explicitFileType = wrapper.cfbundle; includeInIndex = 0; path = EmptyProjectUITests.xctest; sourceTree = BUILT_PRODUCTS_DIR; };
		B45871A31BEE6127004A4AA5 /* EmptyProjectUITests.swift */ = {isa = PBXFileReference; lastKnownFileType = sourcecode.swift; path = EmptyProjectUITests.swift; sourceTree = "<group>"; };
		B45871A51BEE6127004A4AA5 /* Info.plist */ = {isa = PBXFileReference; lastKnownFileType = text.plist.xml; path = Info.plist; sourceTree = "<group>"; };
		B45871B11BEE65B9004A4AA5 /* RectangleView.swift */ = {isa = PBXFileReference; fileEncoding = 4; lastKnownFileType = sourcecode.swift; path = RectangleView.swift; sourceTree = "<group>"; };
/* End PBXFileReference section */

/* Begin PBXFrameworksBuildPhase section */
		B458717D1BEE6127004A4AA5 /* Frameworks */ = {
			isa = PBXFrameworksBuildPhase;
			buildActionMask = 2147483647;
			files = (
			);
			runOnlyForDeploymentPostprocessing = 0;
		};
		B45871911BEE6127004A4AA5 /* Frameworks */ = {
			isa = PBXFrameworksBuildPhase;
			buildActionMask = 2147483647;
			files = (
			);
			runOnlyForDeploymentPostprocessing = 0;
		};
		B458719C1BEE6127004A4AA5 /* Frameworks */ = {
			isa = PBXFrameworksBuildPhase;
			buildActionMask = 2147483647;
			files = (
			);
			runOnlyForDeploymentPostprocessing = 0;
		};
/* End PBXFrameworksBuildPhase section */

/* Begin PBXGroup section */
		B45871771BEE6127004A4AA5 = {
			isa = PBXGroup;
			children = (
				B45871821BEE6127004A4AA5 /* EmptyProject */,
				B45871971BEE6127004A4AA5 /* EmptyProjectTests */,
				B45871A21BEE6127004A4AA5 /* EmptyProjectUITests */,
				B45871811BEE6127004A4AA5 /* Products */,
			);
			sourceTree = "<group>";
		};
		B45871811BEE6127004A4AA5 /* Products */ = {
			isa = PBXGroup;
			children = (
				B45871801BEE6127004A4AA5 /* EmptyProject.app */,
				B45871941BEE6127004A4AA5 /* EmptyProjectTests.xctest */,
				B458719F1BEE6127004A4AA5 /* EmptyProjectUITests.xctest */,
			);
			name = Products;
			sourceTree = "<group>";
		};
		B45871821BEE6127004A4AA5 /* EmptyProject */ = {
			isa = PBXGroup;
			children = (
				B45871831BEE6127004A4AA5 /* AppDelegate.swift */,
				B45871851BEE6127004A4AA5 /* ViewController.swift */,
				B45871871BEE6127004A4AA5 /* Main.storyboard */,
				B458718A1BEE6127004A4AA5 /* Assets.xcassets */,
				B458718C1BEE6127004A4AA5 /* LaunchScreen.storyboard */,
				B458718F1BEE6127004A4AA5 /* Info.plist */,
				B45871B11BEE65B9004A4AA5 /* RectangleView.swift */,
			);
			path = EmptyProject;
			sourceTree = "<group>";
		};
		B45871971BEE6127004A4AA5 /* EmptyProjectTests */ = {
			isa = PBXGroup;
			children = (
				B45871981BEE6127004A4AA5 /* EmptyProjectTests.swift */,
				B458719A1BEE6127004A4AA5 /* Info.plist */,
			);
			path = EmptyProjectTests;
			sourceTree = "<group>";
		};
		B45871A21BEE6127004A4AA5 /* EmptyProjectUITests */ = {
			isa = PBXGroup;
			children = (
				B45871A31BEE6127004A4AA5 /* EmptyProjectUITests.swift */,
				B45871A51BEE6127004A4AA5 /* Info.plist */,
			);
			path = EmptyProjectUITests;
			sourceTree = "<group>";
		};
/* End PBXGroup section */

/* Begin PBXNativeTarget section */
		B458717F1BEE6127004A4AA5 /* EmptyProject */ = {
			isa = PBXNativeTarget;
			buildConfigurationList = B45871A81BEE6127004A4AA5 /* Build configuration list for PBXNativeTarget "EmptyProject" */;
			buildPhases = (
				B458717C1BEE6127004A4AA5 /* Sources */,
				B458717D1BEE6127004A4AA5 /* Frameworks */,
				B458717E1BEE6127004A4AA5 /* Resources */,
			);
			buildRules = (
			);
			dependencies = (
			);
			name = EmptyProject;
			productName = EmptyProject;
			productReference = B45871801BEE6127004A4AA5 /* EmptyProject.app */;
			productType = "com.apple.product-type.application";
		};
		B45871931BEE6127004A4AA5 /* EmptyProjectTests */ = {
			isa = PBXNativeTarget;
			buildConfigurationList = B45871AB1BEE6127004A4AA5 /* Build configuration list for PBXNativeTarget "EmptyProjectTests" */;
			buildPhases = (
				B45871901BEE6127004A4AA5 /* Sources */,
				B45871911BEE6127004A4AA5 /* Frameworks */,
				B45871921BEE6127004A4AA5 /* Resources */,
			);
			buildRules = (
			);
			dependencies = (
				B45871961BEE6127004A4AA5 /* PBXTargetDependency */,
			);
			name = EmptyProjectTests;
			productName = EmptyProjectTests;
			productReference = B45871941BEE6127004A4AA5 /* EmptyProjectTests.xctest */;
			productType = "com.apple.product-type.bundle.unit-test";
		};
		B458719E1BEE6127004A4AA5 /* EmptyProjectUITests */ = {
			isa = PBXNativeTarget;
			buildConfigurationList = B45871AE1BEE6127004A4AA5 /* Build configuration list for PBXNativeTarget "EmptyProjectUITests" */;
			buildPhases = (
				B458719B1BEE6127004A4AA5 /* Sources */,
				B458719C1BEE6127004A4AA5 /* Frameworks */,
				B458719D1BEE6127004A4AA5 /* Resources */,
			);
			buildRules = (
			);
			dependencies = (
				B45871A11BEE6127004A4AA5 /* PBXTargetDependency */,
			);
			name = EmptyProjectUITests;
			productName = EmptyProjectUITests;
			productReference = B458719F1BEE6127004A4AA5 /* EmptyProjectUITests.xctest */;
			productType = "com.apple.product-type.bundle.ui-testing";
		};
/* End PBXNativeTarget section */

/* Begin PBXProject section */
		B45871781BEE6127004A4AA5 /* Project object */ = {
			isa = PBXProject;
			attributes = {
				LastSwiftUpdateCheck = 0710;
				LastUpgradeCheck = 0710;
				ORGANIZATIONNAME = "Euclid Software, LLC";
				TargetAttributes = {
					B458717F1BEE6127004A4AA5 = {
						CreatedOnToolsVersion = 7.1;
					};
					B45871931BEE6127004A4AA5 = {
						CreatedOnToolsVersion = 7.1;
						TestTargetID = B458717F1BEE6127004A4AA5;
					};
					B458719E1BEE6127004A4AA5 = {
						CreatedOnToolsVersion = 7.1;
						TestTargetID = B458717F1BEE6127004A4AA5;
					};
				};
			};
			buildConfigurationList = B458717B1BEE6127004A4AA5 /* Build configuration list for PBXProject "EmptyProject" */;
			compatibilityVersion = "Xcode 3.2";
			developmentRegion = English;
			hasScannedForEncodings = 0;
			knownRegions = (
				en,
				Base,
			);
			mainGroup = B45871771BEE6127004A4AA5;
			productRefGroup = B45871811BEE6127004A4AA5 /* Products */;
			projectDirPath = "";
			projectRoot = "";
			targets = (
				B458717F1BEE6127004A4AA5 /* EmptyProject */,
				B45871931BEE6127004A4AA5 /* EmptyProjectTests */,
				B458719E1BEE6127004A4AA5 /* EmptyProjectUITests */,
			);
		};
/* End PBXProject section */

/* Begin PBXResourcesBuildPhase section */
		B458717E1BEE6127004A4AA5 /* Resources */ = {
			isa = PBXResourcesBuildPhase;
			buildActionMask = 2147483647;
			files = (
				B458718E1BEE6127004A4AA5 /* LaunchScreen.storyboard in Resources */,
				B458718B1BEE6127004A4AA5 /* Assets.xcassets in Resources */,
				B45871891BEE6127004A4AA5 /* Main.storyboard in Resources */,
			);
			runOnlyForDeploymentPostprocessing = 0;
		};
		B45871921BEE6127004A4AA5 /* Resources */ = {
			isa = PBXResourcesBuildPhase;
			buildActionMask = 2147483647;
			files = (
			);
			runOnlyForDeploymentPostprocessing = 0;
		};
		B458719D1BEE6127004A4AA5 /* Resources */ = {
			isa = PBXResourcesBuildPhase;
			buildActionMask = 2147483647;
			files = (
			);
			runOnlyForDeploymentPostprocessing = 0;
		};
/* End PBXResourcesBuildPhase section */

/* Begin PBXSourcesBuildPhase section */
		B458717C1BEE6127004A4AA5 /* Sources */ = {
			isa = PBXSourcesBuildPhase;
			buildActionMask = 2147483647;
			files = (
				B45871861BEE6127004A4AA5 /* ViewController.swift in Sources */,
				B45871841BEE6127004A4AA5 /* AppDelegate.swift in Sources */,
				B45871B21BEE65B9004A4AA5 /* RectangleView.swift in Sources */,
			);
			runOnlyForDeploymentPostprocessing = 0;
		};
		B45871901BEE6127004A4AA5 /* Sources */ = {
			isa = PBXSourcesBuildPhase;
			buildActionMask = 2147483647;
			files = (
				B45871991BEE6127004A4AA5 /* EmptyProjectTests.swift in Sources */,
			);
			runOnlyForDeploymentPostprocessing = 0;
		};
		B458719B1BEE6127004A4AA5 /* Sources */ = {
			isa = PBXSourcesBuildPhase;
			buildActionMask = 2147483647;
			files = (
				B45871A41BEE6127004A4AA5 /* EmptyProjectUITests.swift in Sources */,
			);
			runOnlyForDeploymentPostprocessing = 0;
		};
/* End PBXSourcesBuildPhase section */

/* Begin PBXTargetDependency section */
		B45871961BEE6127004A4AA5 /* PBXTargetDependency */ = {
			isa = PBXTargetDependency;
			target = B458717F1BEE6127004A4AA5 /* EmptyProject */;
			targetProxy = B45871951BEE6127004A4AA5 /* PBXContainerItemProxy */;
		};
		B45871A11BEE6127004A4AA5 /* PBXTargetDependency */ = {
			isa = PBXTargetDependency;
			target = B458717F1BEE6127004A4AA5 /* EmptyProject */;
			targetProxy = B45871A01BEE6127004A4AA5 /* PBXContainerItemProxy */;
		};
/* End PBXTargetDependency section */

/* Begin PBXVariantGroup section */
		B45871871BEE6127004A4AA5 /* Main.storyboard */ = {
			isa = PBXVariantGroup;
			children = (
				B45871881BEE6127004A4AA5 /* Base */,
			);
			name = Main.storyboard;
			sourceTree = "<group>";
		};
		B458718C1BEE6127004A4AA5 /* LaunchScreen.storyboard */ = {
			isa = PBXVariantGroup;
			children = (
				B458718D1BEE6127004A4AA5 /* Base */,
			);
			name = LaunchScreen.storyboard;
			sourceTree = "<group>";
		};
/* End PBXVariantGroup section */

/* Begin XCBuildConfiguration section */
		B45871A61BEE6127004A4AA5 /* Debug */ = {
			isa = XCBuildConfiguration;
			buildSettings = {
				ALWAYS_SEARCH_USER_PATHS = NO;
				CLANG_CXX_LANGUAGE_STANDARD = "gnu++0x";
				CLANG_CXX_LIBRARY = "libc++";
				CLANG_ENABLE_MODULES = YES;
				CLANG_ENABLE_OBJC_ARC = YES;
				CLANG_WARN_BOOL_CONVERSION = YES;
				CLANG_WARN_CONSTANT_CONVERSION = YES;
				CLANG_WARN_DIRECT_OBJC_ISA_USAGE = YES_ERROR;
				CLANG_WARN_EMPTY_BODY = YES;
				CLANG_WARN_ENUM_CONVERSION = YES;
				CLANG_WARN_INT_CONVERSION = YES;
				CLANG_WARN_OBJC_ROOT_CLASS = YES_ERROR;
				CLANG_WARN_UNREACHABLE_CODE = YES;
				CLANG_WARN__DUPLICATE_METHOD_MATCH = YES;
				"CODE_SIGN_IDENTITY[sdk=iphoneos*]" = "iPhone Developer";
				COPY_PHASE_STRIP = NO;
				DEBUG_INFORMATION_FORMAT = dwarf;
				ENABLE_STRICT_OBJC_MSGSEND = YES;
				ENABLE_TESTABILITY = YES;
				GCC_C_LANGUAGE_STANDARD = gnu99;
				GCC_DYNAMIC_NO_PIC = NO;
				GCC_NO_COMMON_BLOCKS = YES;
				GCC_OPTIMIZATION_LEVEL = 0;
				GCC_PREPROCESSOR_DEFINITIONS = (
					"DEBUG=1",
					"$(inherited)",
				);
				GCC_WARN_64_TO_32_BIT_CONVERSION = YES;
				GCC_WARN_ABOUT_RETURN_TYPE = YES_ERROR;
				GCC_WARN_UNDECLARED_SELECTOR = YES;
				GCC_WARN_UNINITIALIZED_AUTOS = YES_AGGRESSIVE;
				GCC_WARN_UNUSED_FUNCTION = YES;
				GCC_WARN_UNUSED_VARIABLE = YES;
				IPHONEOS_DEPLOYMENT_TARGET = 9.1;
				MTL_ENABLE_DEBUG_INFO = YES;
				ONLY_ACTIVE_ARCH = YES;
				SDKROOT = iphoneos;
				SWIFT_OPTIMIZATION_LEVEL = "-Onone";
				TARGETED_DEVICE_FAMILY = "1,2";
			};
			name = Debug;
		};
		B45871A71BEE6127004A4AA5 /* Release */ = {
			isa = XCBuildConfiguration;
			buildSettings = {
				ALWAYS_SEARCH_USER_PATHS = NO;
				CLANG_CXX_LANGUAGE_STANDARD = "gnu++0x";
				CLANG_CXX_LIBRARY = "libc++";
				CLANG_ENABLE_MODULES = YES;
				CLANG_ENABLE_OBJC_ARC = YES;
				CLANG_WARN_BOOL_CONVERSION = YES;
				CLANG_WARN_CONSTANT_CONVERSION = YES;
				CLANG_WARN_DIRECT_OBJC_ISA_USAGE = YES_ERROR;
				CLANG_WARN_EMPTY_BODY = YES;
				CLANG_WARN_ENUM_CONVERSION = YES;
				CLANG_WARN_INT_CONVERSION = YES;
				CLANG_WARN_OBJC_ROOT_CLASS = YES_ERROR;
				CLANG_WARN_UNREACHABLE_CODE = YES;
				CLANG_WARN__DUPLICATE_METHOD_MATCH = YES;
				"CODE_SIGN_IDENTITY[sdk=iphoneos*]" = "iPhone Developer";
				COPY_PHASE_STRIP = NO;
				DEBUG_INFORMATION_FORMAT = "dwarf-with-dsym";
				ENABLE_NS_ASSERTIONS = NO;
				ENABLE_STRICT_OBJC_MSGSEND = YES;
				GCC_C_LANGUAGE_STANDARD = gnu99;
				GCC_NO_COMMON_BLOCKS = YES;
				GCC_WARN_64_TO_32_BIT_CONVERSION = YES;
				GCC_WARN_ABOUT_RETURN_TYPE = YES_ERROR;
				GCC_WARN_UNDECLARED_SELECTOR = YES;
				GCC_WARN_UNINITIALIZED_AUTOS = YES_AGGRESSIVE;
				GCC_WARN_UNUSED_FUNCTION = YES;
				GCC_WARN_UNUSED_VARIABLE = YES;
				IPHONEOS_DEPLOYMENT_TARGET = 9.1;
				MTL_ENABLE_DEBUG_INFO = NO;
				SDKROOT = iphoneos;
				TARGETED_DEVICE_FAMILY = "1,2";
				VALIDATE_PRODUCT = YES;
			};
			name = Release;
		};
		B45871A91BEE6127004A4AA5 /* Debug */ = {
			isa = XCBuildConfiguration;
			buildSettings = {
				ASSETCATALOG_COMPILER_APPICON_NAME = AppIcon;
				INFOPLIST_FILE = EmptyProject/Info.plist;
				LD_RUNPATH_SEARCH_PATHS = "$(inherited) @executable_path/Frameworks";
				PRODUCT_BUNDLE_IDENTIFIER = com.euclidsoftware.EmptyProject;
				PRODUCT_NAME = "$(TARGET_NAME)";
			};
			name = Debug;
		};
		B45871AA1BEE6127004A4AA5 /* Release */ = {
			isa = XCBuildConfiguration;
			buildSettings = {
				ASSETCATALOG_COMPILER_APPICON_NAME = AppIcon;
				INFOPLIST_FILE = EmptyProject/Info.plist;
				LD_RUNPATH_SEARCH_PATHS = "$(inherited) @executable_path/Frameworks";
				PRODUCT_BUNDLE_IDENTIFIER = com.euclidsoftware.EmptyProject;
				PRODUCT_NAME = "$(TARGET_NAME)";
			};
			name = Release;
		};
		B45871AC1BEE6127004A4AA5 /* Debug */ = {
			isa = XCBuildConfiguration;
			buildSettings = {
				BUNDLE_LOADER = "$(TEST_HOST)";
				INFOPLIST_FILE = EmptyProjectTests/Info.plist;
				LD_RUNPATH_SEARCH_PATHS = "$(inherited) @executable_path/Frameworks @loader_path/Frameworks";
				PRODUCT_BUNDLE_IDENTIFIER = com.euclidsoftware.EmptyProjectTests;
				PRODUCT_NAME = "$(TARGET_NAME)";
				TEST_HOST = "$(BUILT_PRODUCTS_DIR)/EmptyProject.app/EmptyProject";
			};
			name = Debug;
		};
		B45871AD1BEE6127004A4AA5 /* Release */ = {
			isa = XCBuildConfiguration;
			buildSettings = {
				BUNDLE_LOADER = "$(TEST_HOST)";
				INFOPLIST_FILE = EmptyProjectTests/Info.plist;
				LD_RUNPATH_SEARCH_PATHS = "$(inherited) @executable_path/Frameworks @loader_path/Frameworks";
				PRODUCT_BUNDLE_IDENTIFIER = com.euclidsoftware.EmptyProjectTests;
				PRODUCT_NAME = "$(TARGET_NAME)";
				TEST_HOST = "$(BUILT_PRODUCTS_DIR)/EmptyProject.app/EmptyProject";
			};
			name = Release;
		};
		B45871AF1BEE6127004A4AA5 /* Debug */ = {
			isa = XCBuildConfiguration;
			buildSettings = {
				INFOPLIST_FILE = EmptyProjectUITests/Info.plist;
				LD_RUNPATH_SEARCH_PATHS = "$(inherited) @executable_path/Frameworks @loader_path/Frameworks";
				PRODUCT_BUNDLE_IDENTIFIER = com.euclidsoftware.EmptyProjectUITests;
				PRODUCT_NAME = "$(TARGET_NAME)";
				TEST_TARGET_NAME = EmptyProject;
				USES_XCTRUNNER = YES;
			};
			name = Debug;
		};
		B45871B01BEE6127004A4AA5 /* Release */ = {
			isa = XCBuildConfiguration;
			buildSettings = {
				INFOPLIST_FILE = EmptyProjectUITests/Info.plist;
				LD_RUNPATH_SEARCH_PATHS = "$(inherited) @executable_path/Frameworks @loader_path/Frameworks";
				PRODUCT_BUNDLE_IDENTIFIER = com.euclidsoftware.EmptyProjectUITests;
				PRODUCT_NAME = "$(TARGET_NAME)";
				TEST_TARGET_NAME = EmptyProject;
				USES_XCTRUNNER = YES;
			};
			name = Release;
		};
/* End XCBuildConfiguration section */

/* Begin XCConfigurationList section */
		B458717B1BEE6127004A4AA5 /* Build configuration list for PBXProject "EmptyProject" */ = {
			isa = XCConfigurationList;
			buildConfigurations = (
				B45871A61BEE6127004A4AA5 /* Debug */,
				B45871A71BEE6127004A4AA5 /* Release */,
			);
			defaultConfigurationIsVisible = 0;
			defaultConfigurationName = Release;
		};
		B45871A81BEE6127004A4AA5 /* Build configuration list for PBXNativeTarget "EmptyProject" */ = {
			isa = XCConfigurationList;
			buildConfigurations = (
				B45871A91BEE6127004A4AA5 /* Debug */,
				B45871AA1BEE6127004A4AA5 /* Release */,
			);
			defaultConfigurationIsVisible = 0;
		};
		B45871AB1BEE6127004A4AA5 /* Build configuration list for PBXNativeTarget "EmptyProjectTests" */ = {
			isa = XCConfigurationList;
			buildConfigurations = (
				B45871AC1BEE6127004A4AA5 /* Debug */,
				B45871AD1BEE6127004A4AA5 /* Release */,
			);
			defaultConfigurationIsVisible = 0;
		};
		B45871AE1BEE6127004A4AA5 /* Build configuration list for PBXNativeTarget "EmptyProjectUITests" */ = {
			isa = XCConfigurationList;
			buildConfigurations = (
				B45871AF1BEE6127004A4AA5 /* Debug */,
				B45871B01BEE6127004A4AA5 /* Release */,
			);
			defaultConfigurationIsVisible = 0;
		};
/* End XCConfigurationList section */
	};
	rootObject = B45871781BEE6127004A4AA5 /* Project object */;
}
